
Microsoft Visual Studio Solution File, Format Version 12.00
# Visual Studio Version 17
VisualStudioVersion = 17.4.33205.214
MinimumVisualStudioVersion = 10.0.40219.1
Project("{FAE04EC0-301F-11D3-BF4B-00C04F79EFBC}") = "LargestNumberNestedIf", "LargestNumberNestedIf\LargestNumberNestedIf.csproj", "{9ADF2138-9E72-4219-843E-475F237DA5E7}"
EndProject
Global
	GlobalSection(SolutionConfigurationPlatforms) = preSolution
		Debug|Any CPU = Debug|Any CPU
		Release|Any CPU = Release|Any CPU
	EndGlobalSection
	GlobalSection(ProjectConfigurationPlatforms) = postSolution
		{9ADF2138-9E72-4219-843E-475F237DA5E7}.Debug|Any CPU.ActiveCfg = Debug|Any CPU
		{9ADF2138-9E72-4219-843E-475F237DA5E7}.Debug|Any CPU.Build.0 = Debug|Any CPU
		{9ADF2138-9E72-4219-843E-475F237DA5E7}.Release|Any CPU.ActiveCfg = Release|Any CPU
		{9ADF2138-9E72-4219-843E-475F237DA5E7}.Release|Any CPU.Build.0 = Release|Any CPU
	EndGlobalSection
	GlobalSection(SolutionProperties) = preSolution
		HideSolutionNode = FALSE
	EndGlobalSection
	GlobalSection(ExtensibilityGlobals) = postSolution
		SolutionGuid = {44E546FC-8F71-490F-96F3-BF45F6BB56F7}
	EndGlobalSection
EndGlobal
