
Microsoft Visual Studio Solution File, Format Version 12.00
# Visual Studio Version 17
VisualStudioVersion = 17.4.33205.214
MinimumVisualStudioVersion = 10.0.40219.1
Project("{FAE04EC0-301F-11D3-BF4B-00C04F79EFBC}") = "LeapYear", "LeapYear\LeapYear.csproj", "{B015BD72-1BD7-4350-B00B-0B182222C473}"
EndProject
Global
	GlobalSection(SolutionConfigurationPlatforms) = preSolution
		Debug|Any CPU = Debug|Any CPU
		Release|Any CPU = Release|Any CPU
	EndGlobalSection
	GlobalSection(ProjectConfigurationPlatforms) = postSolution
		{B015BD72-1BD7-4350-B00B-0B182222C473}.Debug|Any CPU.ActiveCfg = Debug|Any CPU
		{B015BD72-1BD7-4350-B00B-0B182222C473}.Debug|Any CPU.Build.0 = Debug|Any CPU
		{B015BD72-1BD7-4350-B00B-0B182222C473}.Release|Any CPU.ActiveCfg = Release|Any CPU
		{B015BD72-1BD7-4350-B00B-0B182222C473}.Release|Any CPU.Build.0 = Release|Any CPU
	EndGlobalSection
	GlobalSection(SolutionProperties) = preSolution
		HideSolutionNode = FALSE
	EndGlobalSection
	GlobalSection(ExtensibilityGlobals) = postSolution
		SolutionGuid = {82CD8F1F-5CC3-4134-80CF-F073EDC7BAED}
	EndGlobalSection
EndGlobal
