
Microsoft Visual Studio Solution File, Format Version 12.00
# Visual Studio Version 17
VisualStudioVersion = 17.4.33205.214
MinimumVisualStudioVersion = 10.0.40219.1
Project("{FAE04EC0-301F-11D3-BF4B-00C04F79EFBC}") = "VowelOrConsonent", "VowelOrConsonent\VowelOrConsonent.csproj", "{5E7E0732-8B6E-40C9-B90E-177FA644A42D}"
EndProject
Global
	GlobalSection(SolutionConfigurationPlatforms) = preSolution
		Debug|Any CPU = Debug|Any CPU
		Release|Any CPU = Release|Any CPU
	EndGlobalSection
	GlobalSection(ProjectConfigurationPlatforms) = postSolution
		{5E7E0732-8B6E-40C9-B90E-177FA644A42D}.Debug|Any CPU.ActiveCfg = Debug|Any CPU
		{5E7E0732-8B6E-40C9-B90E-177FA644A42D}.Debug|Any CPU.Build.0 = Debug|Any CPU
		{5E7E0732-8B6E-40C9-B90E-177FA644A42D}.Release|Any CPU.ActiveCfg = Release|Any CPU
		{5E7E0732-8B6E-40C9-B90E-177FA644A42D}.Release|Any CPU.Build.0 = Release|Any CPU
	EndGlobalSection
	GlobalSection(SolutionProperties) = preSolution
		HideSolutionNode = FALSE
	EndGlobalSection
	GlobalSection(ExtensibilityGlobals) = postSolution
		SolutionGuid = {D1CBDC73-DF11-4A09-A00F-82A0BE815E8F}
	EndGlobalSection
EndGlobal
