
Microsoft Visual Studio Solution File, Format Version 12.00
# Visual Studio Version 17
VisualStudioVersion = 17.4.33205.214
MinimumVisualStudioVersion = 10.0.40219.1
Project("{FAE04EC0-301F-11D3-BF4B-00C04F79EFBC}") = "TrackerLibrary", "TrackerLibrary\TrackerLibrary.csproj", "{F09334BB-2300-4316-B8D7-5F90307FED15}"
EndProject
Global
	GlobalSection(SolutionConfigurationPlatforms) = preSolution
		Debug|Any CPU = Debug|Any CPU
		Release|Any CPU = Release|Any CPU
	EndGlobalSection
	GlobalSection(ProjectConfigurationPlatforms) = postSolution
		{F09334BB-2300-4316-B8D7-5F90307FED15}.Debug|Any CPU.ActiveCfg = Debug|Any CPU
		{F09334BB-2300-4316-B8D7-5F90307FED15}.Debug|Any CPU.Build.0 = Debug|Any CPU
		{F09334BB-2300-4316-B8D7-5F90307FED15}.Release|Any CPU.ActiveCfg = Release|Any CPU
		{F09334BB-2300-4316-B8D7-5F90307FED15}.Release|Any CPU.Build.0 = Release|Any CPU
	EndGlobalSection
	GlobalSection(SolutionProperties) = preSolution
		HideSolutionNode = FALSE
	EndGlobalSection
	GlobalSection(ExtensibilityGlobals) = postSolution
		SolutionGuid = {16D706BF-0E79-4D33-8045-DCDC888F2EE9}
	EndGlobalSection
EndGlobal
