
Microsoft Visual Studio Solution File, Format Version 12.00
# Visual Studio Version 17
VisualStudioVersion = 17.4.33205.214
MinimumVisualStudioVersion = 10.0.40219.1
Project("{FAE04EC0-301F-11D3-BF4B-00C04F79EFBC}") = "ConditionalOperator", "ConditionalOperator\ConditionalOperator.csproj", "{44A741FB-606F-4298-8CCA-D7929D4F738C}"
EndProject
Global
	GlobalSection(SolutionConfigurationPlatforms) = preSolution
		Debug|Any CPU = Debug|Any CPU
		Release|Any CPU = Release|Any CPU
	EndGlobalSection
	GlobalSection(ProjectConfigurationPlatforms) = postSolution
		{44A741FB-606F-4298-8CCA-D7929D4F738C}.Debug|Any CPU.ActiveCfg = Debug|Any CPU
		{44A741FB-606F-4298-8CCA-D7929D4F738C}.Debug|Any CPU.Build.0 = Debug|Any CPU
		{44A741FB-606F-4298-8CCA-D7929D4F738C}.Release|Any CPU.ActiveCfg = Release|Any CPU
		{44A741FB-606F-4298-8CCA-D7929D4F738C}.Release|Any CPU.Build.0 = Release|Any CPU
	EndGlobalSection
	GlobalSection(SolutionProperties) = preSolution
		HideSolutionNode = FALSE
	EndGlobalSection
	GlobalSection(ExtensibilityGlobals) = postSolution
		SolutionGuid = {51D3E1E7-FD51-4AAB-8506-532F07C916DF}
	EndGlobalSection
EndGlobal
