
Microsoft Visual Studio Solution File, Format Version 12.00
# Visual Studio Version 17
VisualStudioVersion = 17.4.33205.214
MinimumVisualStudioVersion = 10.0.40219.1
Project("{FAE04EC0-301F-11D3-BF4B-00C04F79EFBC}") = "Criteria", "Criteria\Criteria.csproj", "{9B532165-805E-424A-B699-7B54432D6ACC}"
EndProject
Global
	GlobalSection(SolutionConfigurationPlatforms) = preSolution
		Debug|Any CPU = Debug|Any CPU
		Release|Any CPU = Release|Any CPU
	EndGlobalSection
	GlobalSection(ProjectConfigurationPlatforms) = postSolution
		{9B532165-805E-424A-B699-7B54432D6ACC}.Debug|Any CPU.ActiveCfg = Debug|Any CPU
		{9B532165-805E-424A-B699-7B54432D6ACC}.Debug|Any CPU.Build.0 = Debug|Any CPU
		{9B532165-805E-424A-B699-7B54432D6ACC}.Release|Any CPU.ActiveCfg = Release|Any CPU
		{9B532165-805E-424A-B699-7B54432D6ACC}.Release|Any CPU.Build.0 = Release|Any CPU
	EndGlobalSection
	GlobalSection(SolutionProperties) = preSolution
		HideSolutionNode = FALSE
	EndGlobalSection
	GlobalSection(ExtensibilityGlobals) = postSolution
		SolutionGuid = {BDD4EB78-A073-40E2-8630-6C98D0326949}
	EndGlobalSection
EndGlobal
